
Microsoft Visual Studio Solution File, Format Version 12.00
# Visual Studio Version 16
VisualStudioVersion = 16.0.30225.117
MinimumVisualStudioVersion = 10.0.40219.1
Project("{FAE04EC0-301F-11D3-BF4B-00C04F79EFBC}") = "WindowsFormsApp12", "WindowsFormsApp12\WindowsFormsApp12.csproj", "{9514750C-3D7A-4466-8F3F-9F91C6A69C90}"
EndProject
Global
	GlobalSection(SolutionConfigurationPlatforms) = preSolution
		Debug|Any CPU = Debug|Any CPU
		Release|Any CPU = Release|Any CPU
	EndGlobalSection
	GlobalSection(ProjectConfigurationPlatforms) = postSolution
		{9514750C-3D7A-4466-8F3F-9F91C6A69C90}.Debug|Any CPU.ActiveCfg = Debug|Any CPU
		{9514750C-3D7A-4466-8F3F-9F91C6A69C90}.Debug|Any CPU.Build.0 = Debug|Any CPU
		{9514750C-3D7A-4466-8F3F-9F91C6A69C90}.Release|Any CPU.ActiveCfg = Release|Any CPU
		{9514750C-3D7A-4466-8F3F-9F91C6A69C90}.Release|Any CPU.Build.0 = Release|Any CPU
	EndGlobalSection
	GlobalSection(SolutionProperties) = preSolution
		HideSolutionNode = FALSE
	EndGlobalSection
	GlobalSection(ExtensibilityGlobals) = postSolution
		SolutionGuid = {297F08BD-AED3-4845-B458-B55125833999}
	EndGlobalSection
EndGlobal
